
Microsoft Visual Studio Solution File, Format Version 12.00
# Visual Studio 14
VisualStudioVersion = 14.0.25420.1
MinimumVisualStudioVersion = 10.0.40219.1
Project("{FAE04EC0-301F-11D3-BF4B-00C04F79EFBC}") = "Pepe", "Pepe\Pepe.csproj", "{F5684FAF-519F-4553-824B-1EB83DC91E68}"
EndProject
Project("{FAE04EC0-301F-11D3-BF4B-00C04F79EFBC}") = "Email", "Email\Email.csproj", "{F6E67993-B891-42BA-A44B-7CC5826E0293}"
EndProject
Global
	GlobalSection(SolutionConfigurationPlatforms) = preSolution
		Debug|Any CPU = Debug|Any CPU
		Release|Any CPU = Release|Any CPU
	EndGlobalSection
	GlobalSection(ProjectConfigurationPlatforms) = postSolution
		{F5684FAF-519F-4553-824B-1EB83DC91E68}.Debug|Any CPU.ActiveCfg = Debug|Any CPU
		{F5684FAF-519F-4553-824B-1EB83DC91E68}.Debug|Any CPU.Build.0 = Debug|Any CPU
		{F5684FAF-519F-4553-824B-1EB83DC91E68}.Release|Any CPU.ActiveCfg = Release|Any CPU
		{F5684FAF-519F-4553-824B-1EB83DC91E68}.Release|Any CPU.Build.0 = Release|Any CPU
		{F6E67993-B891-42BA-A44B-7CC5826E0293}.Debug|Any CPU.ActiveCfg = Debug|Any CPU
		{F6E67993-B891-42BA-A44B-7CC5826E0293}.Debug|Any CPU.Build.0 = Debug|Any CPU
		{F6E67993-B891-42BA-A44B-7CC5826E0293}.Release|Any CPU.ActiveCfg = Release|Any CPU
		{F6E67993-B891-42BA-A44B-7CC5826E0293}.Release|Any CPU.Build.0 = Release|Any CPU
	EndGlobalSection
	GlobalSection(SolutionProperties) = preSolution
		HideSolutionNode = FALSE
	EndGlobalSection
EndGlobal
